
Microsoft Visual Studio Solution File, Format Version 12.00
# Visual Studio Version 17
VisualStudioVersion = 17.4.33213.308
MinimumVisualStudioVersion = 10.0.40219.1
Project("{FAE04EC0-301F-11D3-BF4B-00C04F79EFBC}") = "LineComparisonProblem", "LineComparisonProblem\LineComparisonProblem.csproj", "{B03B0228-6D20-4D84-A051-1472BFF8987B}"
EndProject
Global
	GlobalSection(SolutionConfigurationPlatforms) = preSolution
		Debug|Any CPU = Debug|Any CPU
		Release|Any CPU = Release|Any CPU
	EndGlobalSection
	GlobalSection(ProjectConfigurationPlatforms) = postSolution
		{B03B0228-6D20-4D84-A051-1472BFF8987B}.Debug|Any CPU.ActiveCfg = Debug|Any CPU
		{B03B0228-6D20-4D84-A051-1472BFF8987B}.Debug|Any CPU.Build.0 = Debug|Any CPU
		{B03B0228-6D20-4D84-A051-1472BFF8987B}.Release|Any CPU.ActiveCfg = Release|Any CPU
		{B03B0228-6D20-4D84-A051-1472BFF8987B}.Release|Any CPU.Build.0 = Release|Any CPU
	EndGlobalSection
	GlobalSection(SolutionProperties) = preSolution
		HideSolutionNode = FALSE
	EndGlobalSection
	GlobalSection(ExtensibilityGlobals) = postSolution
		SolutionGuid = {004294C4-AAC1-454E-A5FB-112C1A833681}
	EndGlobalSection
EndGlobal
